
Microsoft Visual Studio Solution File, Format Version 12.00
# Visual Studio 15
Project("{FAE04EC0-301F-11D3-BF4B-00C04F79EFBC}") = "WebSight_v1.1 2", "WebSight_v1.1 2.csproj", "{6687B12E-0E89-410D-A771-8D3D1CE98A68}"
EndProject
Global
	GlobalSection(SolutionConfigurationPlatforms) = preSolution
		Debug|Any CPU = Debug|Any CPU
		Release|Any CPU = Release|Any CPU
	EndGlobalSection
	GlobalSection(ProjectConfigurationPlatforms) = postSolution
		{6687B12E-0E89-410D-A771-8D3D1CE98A68}.Debug|Any CPU.ActiveCfg = Debug|Any CPU
		{6687B12E-0E89-410D-A771-8D3D1CE98A68}.Debug|Any CPU.Build.0 = Debug|Any CPU
		{6687B12E-0E89-410D-A771-8D3D1CE98A68}.Release|Any CPU.ActiveCfg = Release|Any CPU
		{6687B12E-0E89-410D-A771-8D3D1CE98A68}.Release|Any CPU.Build.0 = Release|Any CPU
	EndGlobalSection
EndGlobal
